
Microsoft Visual Studio Solution File, Format Version 12.00
# Visual Studio Version 17
VisualStudioVersion = 17.5.33516.290
MinimumVisualStudioVersion = 10.0.40219.1
Project("{FAE04EC0-301F-11D3-BF4B-00C04F79EFBC}") = "LeetCodeCSharp", "LeetCodeCSharp\LeetCodeCSharp.csproj", "{7A277072-0C12-4060-90F6-CD1F066ACDFF}"
EndProject
Global
	GlobalSection(SolutionConfigurationPlatforms) = preSolution
		Debug|Any CPU = Debug|Any CPU
		Release|Any CPU = Release|Any CPU
	EndGlobalSection
	GlobalSection(ProjectConfigurationPlatforms) = postSolution
		{7A277072-0C12-4060-90F6-CD1F066ACDFF}.Debug|Any CPU.ActiveCfg = Debug|Any CPU
		{7A277072-0C12-4060-90F6-CD1F066ACDFF}.Debug|Any CPU.Build.0 = Debug|Any CPU
		{7A277072-0C12-4060-90F6-CD1F066ACDFF}.Release|Any CPU.ActiveCfg = Release|Any CPU
		{7A277072-0C12-4060-90F6-CD1F066ACDFF}.Release|Any CPU.Build.0 = Release|Any CPU
	EndGlobalSection
	GlobalSection(SolutionProperties) = preSolution
		HideSolutionNode = FALSE
	EndGlobalSection
	GlobalSection(ExtensibilityGlobals) = postSolution
		SolutionGuid = {6DA1535E-3B70-4F12-B36F-666921B66D1E}
	EndGlobalSection
EndGlobal
